
Microsoft Visual Studio Solution File, Format Version 12.00
# Visual Studio 15
VisualStudioVersion = 15.0.27130.2026
MinimumVisualStudioVersion = 10.0.40219.1
Project("{FAE04EC0-301F-11D3-BF4B-00C04F79EFBC}") = "SignIn", "SignIn\SignIn.csproj", "{CD1E94AC-C09A-4646-A9D6-B50B31339736}"
EndProject
Project("{54435603-DBB4-11D2-8724-00A0C9A8B90C}") = "SISetup", "SISetup\SISetup.vdproj", "{047805DE-1628-44D2-AAE1-D3904AE8CE44}"
EndProject
Global
	GlobalSection(SolutionConfigurationPlatforms) = preSolution
		Debug|Any CPU = Debug|Any CPU
		Release|Any CPU = Release|Any CPU
	EndGlobalSection
	GlobalSection(ProjectConfigurationPlatforms) = postSolution
		{CD1E94AC-C09A-4646-A9D6-B50B31339736}.Debug|Any CPU.ActiveCfg = Debug|Any CPU
		{CD1E94AC-C09A-4646-A9D6-B50B31339736}.Debug|Any CPU.Build.0 = Debug|Any CPU
		{CD1E94AC-C09A-4646-A9D6-B50B31339736}.Release|Any CPU.ActiveCfg = Release|Any CPU
		{CD1E94AC-C09A-4646-A9D6-B50B31339736}.Release|Any CPU.Build.0 = Release|Any CPU
		{047805DE-1628-44D2-AAE1-D3904AE8CE44}.Debug|Any CPU.ActiveCfg = Debug
		{047805DE-1628-44D2-AAE1-D3904AE8CE44}.Release|Any CPU.ActiveCfg = Release
	EndGlobalSection
	GlobalSection(SolutionProperties) = preSolution
		HideSolutionNode = FALSE
	EndGlobalSection
	GlobalSection(ExtensibilityGlobals) = postSolution
		SolutionGuid = {36F4C6EB-6287-43A5-A8B4-E7F22C3209AD}
	EndGlobalSection
EndGlobal
